Microsoft Visual Studio Solution File, Format Version 12.00
# Visual Studio Version 17
VisualStudioVersion = 17.0.32002.185
MinimumVisualStudioVersion = 10.0.40219.1
Project("{2150E333-8FDC-42A3-9474-1A3956D46DE8}") = "Solution Items", "Solution Items", "{0691ABF2-B3C7-43BF-9862-2D8D1299CE58}"
	ProjectSection(SolutionItems) = preProject
		.editorconfig = .editorconfig
		Build.ps1 = Build.ps1
		.github\workflows\ci.yml = .github\workflows\ci.yml
		CONTRIBUTING.md = CONTRIBUTING.md
		Directory.Build.props = Directory.Build.props
		icon.png = icon.png
		ISSUE_TEMPLATE.md = ISSUE_TEMPLATE.md
		nuget.config = nuget.config
		Push.ps1 = Push.ps1
		README.md = README.md
		.github\workflows\release.yml = .github\workflows\release.yml
		Setup.ps1 = Setup.ps1
	EndProjectSection
EndProject
Project("{9A19103F-16F7-4668-BE54-9A1E7A4F7556}") = "Benchmark", "src\Benchmark\Benchmark.csproj", "{B8051389-CB47-46FB-B234-9D49506704AA}"
EndProject
Project("{9A19103F-16F7-4668-BE54-9A1E7A4F7556}") = "AutoMapper", "src\AutoMapper\AutoMapper.csproj", "{35888286-1428-4BF3-BB0C-D8BC092D0A5D}"
EndProject
Project("{9A19103F-16F7-4668-BE54-9A1E7A4F7556}") = "AutoMapper.UnitTests", "src\UnitTests\AutoMapper.UnitTests.csproj", "{4F96C184-FF4B-4256-B8BC-C51D1167C489}"
EndProject
Project("{9A19103F-16F7-4668-BE54-9A1E7A4F7556}") = "AutoMapper.IntegrationTests", "src\IntegrationTests\AutoMapper.IntegrationTests.csproj", "{24B47F4C-0035-4F29-AAD9-4C47E1AAD98E}"
EndProject
Project("{9A19103F-16F7-4668-BE54-9A1E7A4F7556}") = "AutoMapper.DI.Tests", "src\AutoMapper.DI.Tests\AutoMapper.DI.Tests.csproj", "{BEBD620A-8BAA-463F-BE0F-8319AD3C1644}"
EndProject
Project("{9A19103F-16F7-4668-BE54-9A1E7A4F7556}") = "TestApp", "src\TestApp\TestApp.csproj", "{35CED3AE-B825-4703-992D-A58B5BE646DC}"
EndProject
Project("{2150E333-8FDC-42A3-9474-1A3956D46DE8}") = "Dex.AutoMapper.Collection", "Dex.AutoMapper.Collection", "{4CF8F1F6-100B-46B4-B9B4-3427EA1A4D62}"
EndProject
Project("{FAE04EC0-301F-11D3-BF4B-00C04F79EFBC}") = "AutoMapper.Collection", "Dex.AutoMapper.Collection\src\AutoMapper.Collection\AutoMapper.Collection.csproj", "{106CD1A7-9EAF-4D37-AEC2-251AF6649364}"
EndProject
Project("{FAE04EC0-301F-11D3-BF4B-00C04F79EFBC}") = "AutoMapper.Collection.Tests", "Dex.AutoMapper.Collection\src\AutoMapper.Collection.Tests\AutoMapper.Collection.Tests.csproj", "{11D6DBD2-AE55-47EE-B398-8864328BBEB0}"
EndProject
Project("{2150E333-8FDC-42A3-9474-1A3956D46DE8}") = "Dex.AutoMapper.Collection.EFCore", "Dex.AutoMapper.Collection.EFCore", "{A4CCFC42-6A84-46B3-857A-CD5AD5BBCF63}"
EndProject
Project("{2150E333-8FDC-42A3-9474-1A3956D46DE8}") = "Addons", "Addons", "{6E5E462F-2CAB-4762-B1ED-E729FA358C67}"
EndProject
Project("{FAE04EC0-301F-11D3-BF4B-00C04F79EFBC}") = "AutoMapper.Collection.EntityFrameworkCore", "Dex.AutoMapper.Collection.EFCore\src\AutoMapper.Collection.EntityFrameworkCore\AutoMapper.Collection.EntityFrameworkCore.csproj", "{48E04CAA-81CB-4609-8A15-58EB5D69AC37}"
EndProject
Project("{FAE04EC0-301F-11D3-BF4B-00C04F79EFBC}") = "AutoMapper.Collection.EntityFrameworkCore.Tests", "Dex.AutoMapper.Collection.EFCore\src\AutoMapper.Collection.EntityFrameworkCore.Tests\AutoMapper.Collection.EntityFrameworkCore.Tests.csproj", "{B9797F30-4CC0-4796-BCB8-359CDF6BDDEA}"
EndProject
Project("{2150E333-8FDC-42A3-9474-1A3956D46DE8}") = "Dex.AutoMapper.Data", "Dex.AutoMapper.Data", "{527FBD64-3281-49AB-8D44-4FCEB514CE68}"
EndProject
Project("{FAE04EC0-301F-11D3-BF4B-00C04F79EFBC}") = "AutoMapper.Data", "Dex.AutoMapper.Data\AutoMapper.Data\AutoMapper.Data.csproj", "{B78837C9-A28B-421F-BF26-8BC4BC1B4630}"
EndProject
Project("{FAE04EC0-301F-11D3-BF4B-00C04F79EFBC}") = "AutoMapper.Data.Tests", "Dex.AutoMapper.Data\AutoMapper.Data.Tests\AutoMapper.Data.Tests.csproj", "{0256443E-AD5F-42E3-BD97-96CAD98B0755}"
EndProject
Project("{2150E333-8FDC-42A3-9474-1A3956D46DE8}") = "Dex.AutoMapper.Extensions.EnumMapping", "Dex.AutoMapper.Extensions.EnumMapping", "{7A3855C2-5EA2-412E-A11F-07221714129B}"
EndProject
Project("{FAE04EC0-301F-11D3-BF4B-00C04F79EFBC}") = "AutoMapper.Extensions.EnumMapping", "Dex.AutoMapper.Extensions.EnumMapping\src\AutoMapper.Extensions.EnumMapping\AutoMapper.Extensions.EnumMapping.csproj", "{C0F96EF5-0BA1-43C7-AEFA-F9489370A163}"
EndProject
Project("{FAE04EC0-301F-11D3-BF4B-00C04F79EFBC}") = "AutoMapper.Extensions.EnumMapping.Tests", "Dex.AutoMapper.Extensions.EnumMapping\src\AutoMapper.Extensions.EnumMapping.Tests\AutoMapper.Extensions.EnumMapping.Tests.csproj", "{DA8C27C8-93DC-420E-ADEE-E390163428BE}"
EndProject
Project("{2150E333-8FDC-42A3-9474-1A3956D46DE8}") = "Dex.AutoMapper.Extensions.ExpressionMapping", "Dex.AutoMapper.Extensions.ExpressionMapping", "{16599656-CC66-4508-944D-75B2A8C609C1}"
EndProject
Project("{FAE04EC0-301F-11D3-BF4B-00C04F79EFBC}") = "AutoMapper.Extensions.ExpressionMapping", "Dex.AutoMapper.Extensions.ExpressionMapping\src\AutoMapper.Extensions.ExpressionMapping\AutoMapper.Extensions.ExpressionMapping.csproj", "{C3DC0CE7-D6C7-4CC4-8DDD-ED3DB036BAC6}"
EndProject
Project("{2150E333-8FDC-42A3-9474-1A3956D46DE8}") = "Dex.AutoMapper.Extensions.OData", "Dex.AutoMapper.Extensions.OData", "{D9E1DD8E-4C9D-4900-89F6-131B6D613C0D}"
EndProject
Project("{FAE04EC0-301F-11D3-BF4B-00C04F79EFBC}") = "AutoMapper.AspNetCore.OData.EFCore", "Dex.AutoMapper.Extensions.OData\AutoMapper.AspNetCore.OData.EFCore\AutoMapper.AspNetCore.OData.EFCore.csproj", "{582C78A7-4292-4AAA-BB60-327CB1E31C9C}"
EndProject
Project("{FAE04EC0-301F-11D3-BF4B-00C04F79EFBC}") = "AutoMapper.OData.EFCore.Tests", "Dex.AutoMapper.Extensions.OData\AutoMapper.OData.EFCore.Tests\AutoMapper.OData.EFCore.Tests.csproj", "{DB664ADD-18AE-4C82-9134-413793453A09}"
EndProject
Project("{FAE04EC0-301F-11D3-BF4B-00C04F79EFBC}") = "DAL.EFCore", "Dex.AutoMapper.Extensions.OData\DAL.EFCore\DAL.EFCore.csproj", "{087C38F2-903E-4BAD-9602-C72A4AFE886C}"
EndProject
Project("{FAE04EC0-301F-11D3-BF4B-00C04F79EFBC}") = "Domain.OData", "Dex.AutoMapper.Extensions.OData\Domain.OData\Domain.OData.csproj", "{FC3CBF47-C0E8-4C04-B078-F92F1A5EE22F}"
EndProject
Project("{FAE04EC0-301F-11D3-BF4B-00C04F79EFBC}") = "ExpressionBuilder.Tests", "Dex.AutoMapper.Extensions.OData\ExpressionBuilder.Tests\ExpressionBuilder.Tests.csproj", "{A35A3DAC-E140-485B-8D9D-1E3C877B580F}"
EndProject
Project("{FAE04EC0-301F-11D3-BF4B-00C04F79EFBC}") = "MigrationTool", "Dex.AutoMapper.Extensions.OData\MigrationTool\MigrationTool.csproj", "{D393E0B8-CA94-4F1E-8F15-458F325A0CBE}"
EndProject
Project("{FAE04EC0-301F-11D3-BF4B-00C04F79EFBC}") = "SeedDatabase", "Dex.AutoMapper.Extensions.OData\SeedDatabase\SeedDatabase.csproj", "{8DC6BF13-AD72-4A1B-8B36-0AB70FEE32DA}"
EndProject
Project("{FAE04EC0-301F-11D3-BF4B-00C04F79EFBC}") = "Web.Tests", "Dex.AutoMapper.Extensions.OData\Web.Tests\Web.Tests.csproj", "{49E8B58F-FD38-4850-B78F-C54E54E346FF}"
EndProject
Project("{FAE04EC0-301F-11D3-BF4B-00C04F79EFBC}") = "WebAPI.OData.EFCore", "Dex.AutoMapper.Extensions.OData\WebAPI.OData.EFCore\WebAPI.OData.EFCore.csproj", "{646DA2F8-9F6B-435A-B9EF-1254FA599FDE}"
EndProject
Global
	GlobalSection(SolutionConfigurationPlatforms) = preSolution
		Debug|Any CPU = Debug|Any CPU
		Debug|ARM = Debug|ARM
		Debug|x64 = Debug|x64
		Debug|x86 = Debug|x86
		Release|Any CPU = Release|Any CPU
		Release|ARM = Release|ARM
		Release|x64 = Release|x64
		Release|x86 = Release|x86
	EndGlobalSection
	GlobalSection(ProjectConfigurationPlatforms) = postSolution
		{B8051389-CB47-46FB-B234-9D49506704AA}.Debug|Any CPU.ActiveCfg = Debug|Any CPU
		{B8051389-CB47-46FB-B234-9D49506704AA}.Debug|Any CPU.Build.0 = Debug|Any CPU
		{B8051389-CB47-46FB-B234-9D49506704AA}.Debug|ARM.ActiveCfg = Debug|Any CPU
		{B8051389-CB47-46FB-B234-9D49506704AA}.Debug|x64.ActiveCfg = Debug|Any CPU
		{B8051389-CB47-46FB-B234-9D49506704AA}.Debug|x86.ActiveCfg = Debug|Any CPU
		{B8051389-CB47-46FB-B234-9D49506704AA}.Release|Any CPU.ActiveCfg = Release|Any CPU
		{B8051389-CB47-46FB-B234-9D49506704AA}.Release|Any CPU.Build.0 = Release|Any CPU
		{B8051389-CB47-46FB-B234-9D49506704AA}.Release|ARM.ActiveCfg = Release|Any CPU
		{B8051389-CB47-46FB-B234-9D49506704AA}.Release|x64.ActiveCfg = Release|Any CPU
		{B8051389-CB47-46FB-B234-9D49506704AA}.Release|x86.ActiveCfg = Release|Any CPU
		{35888286-1428-4BF3-BB0C-D8BC092D0A5D}.Debug|Any CPU.ActiveCfg = Debug|Any CPU
		{35888286-1428-4BF3-BB0C-D8BC092D0A5D}.Debug|Any CPU.Build.0 = Debug|Any CPU
		{35888286-1428-4BF3-BB0C-D8BC092D0A5D}.Debug|ARM.ActiveCfg = Debug|Any CPU
		{35888286-1428-4BF3-BB0C-D8BC092D0A5D}.Debug|ARM.Build.0 = Debug|Any CPU
		{35888286-1428-4BF3-BB0C-D8BC092D0A5D}.Debug|x64.ActiveCfg = Debug|Any CPU
		{35888286-1428-4BF3-BB0C-D8BC092D0A5D}.Debug|x64.Build.0 = Debug|Any CPU
		{35888286-1428-4BF3-BB0C-D8BC092D0A5D}.Debug|x86.ActiveCfg = Debug|Any CPU
		{35888286-1428-4BF3-BB0C-D8BC092D0A5D}.Debug|x86.Build.0 = Debug|Any CPU
		{35888286-1428-4BF3-BB0C-D8BC092D0A5D}.Release|Any CPU.ActiveCfg = Release|Any CPU
		{35888286-1428-4BF3-BB0C-D8BC092D0A5D}.Release|Any CPU.Build.0 = Release|Any CPU
		{35888286-1428-4BF3-BB0C-D8BC092D0A5D}.Release|ARM.ActiveCfg = Release|Any CPU
		{35888286-1428-4BF3-BB0C-D8BC092D0A5D}.Release|ARM.Build.0 = Release|Any CPU
		{35888286-1428-4BF3-BB0C-D8BC092D0A5D}.Release|x64.ActiveCfg = Release|Any CPU
		{35888286-1428-4BF3-BB0C-D8BC092D0A5D}.Release|x64.Build.0 = Release|Any CPU
		{35888286-1428-4BF3-BB0C-D8BC092D0A5D}.Release|x86.ActiveCfg = Release|Any CPU
		{35888286-1428-4BF3-BB0C-D8BC092D0A5D}.Release|x86.Build.0 = Release|Any CPU
		{4F96C184-FF4B-4256-B8BC-C51D1167C489}.Debug|Any CPU.ActiveCfg = Debug|Any CPU
		{4F96C184-FF4B-4256-B8BC-C51D1167C489}.Debug|Any CPU.Build.0 = Debug|Any CPU
		{4F96C184-FF4B-4256-B8BC-C51D1167C489}.Debug|ARM.ActiveCfg = Debug|Any CPU
		{4F96C184-FF4B-4256-B8BC-C51D1167C489}.Debug|ARM.Build.0 = Debug|Any CPU
		{4F96C184-FF4B-4256-B8BC-C51D1167C489}.Debug|x64.ActiveCfg = Debug|Any CPU
		{4F96C184-FF4B-4256-B8BC-C51D1167C489}.Debug|x64.Build.0 = Debug|Any CPU
		{4F96C184-FF4B-4256-B8BC-C51D1167C489}.Debug|x86.ActiveCfg = Debug|Any CPU
		{4F96C184-FF4B-4256-B8BC-C51D1167C489}.Debug|x86.Build.0 = Debug|Any CPU
		{4F96C184-FF4B-4256-B8BC-C51D1167C489}.Release|Any CPU.ActiveCfg = Release|Any CPU
		{4F96C184-FF4B-4256-B8BC-C51D1167C489}.Release|Any CPU.Build.0 = Release|Any CPU
		{4F96C184-FF4B-4256-B8BC-C51D1167C489}.Release|ARM.ActiveCfg = Release|Any CPU
		{4F96C184-FF4B-4256-B8BC-C51D1167C489}.Release|ARM.Build.0 = Release|Any CPU
		{4F96C184-FF4B-4256-B8BC-C51D1167C489}.Release|x64.ActiveCfg = Release|Any CPU
		{4F96C184-FF4B-4256-B8BC-C51D1167C489}.Release|x64.Build.0 = Release|Any CPU
		{4F96C184-FF4B-4256-B8BC-C51D1167C489}.Release|x86.ActiveCfg = Release|Any CPU
		{4F96C184-FF4B-4256-B8BC-C51D1167C489}.Release|x86.Build.0 = Release|Any CPU
		{24B47F4C-0035-4F29-AAD9-4C47E1AAD98E}.Debug|Any CPU.ActiveCfg = Debug|Any CPU
		{24B47F4C-0035-4F29-AAD9-4C47E1AAD98E}.Debug|Any CPU.Build.0 = Debug|Any CPU
		{24B47F4C-0035-4F29-AAD9-4C47E1AAD98E}.Debug|ARM.ActiveCfg = Debug|Any CPU
		{24B47F4C-0035-4F29-AAD9-4C47E1AAD98E}.Debug|ARM.Build.0 = Debug|Any CPU
		{24B47F4C-0035-4F29-AAD9-4C47E1AAD98E}.Debug|x64.ActiveCfg = Debug|Any CPU
		{24B47F4C-0035-4F29-AAD9-4C47E1AAD98E}.Debug|x64.Build.0 = Debug|Any CPU
		{24B47F4C-0035-4F29-AAD9-4C47E1AAD98E}.Debug|x86.ActiveCfg = Debug|Any CPU
		{24B47F4C-0035-4F29-AAD9-4C47E1AAD98E}.Debug|x86.Build.0 = Debug|Any CPU
		{24B47F4C-0035-4F29-AAD9-4C47E1AAD98E}.Release|Any CPU.ActiveCfg = Release|Any CPU
		{24B47F4C-0035-4F29-AAD9-4C47E1AAD98E}.Release|Any CPU.Build.0 = Release|Any CPU
		{24B47F4C-0035-4F29-AAD9-4C47E1AAD98E}.Release|ARM.ActiveCfg = Release|Any CPU
		{24B47F4C-0035-4F29-AAD9-4C47E1AAD98E}.Release|ARM.Build.0 = Release|Any CPU
		{24B47F4C-0035-4F29-AAD9-4C47E1AAD98E}.Release|x64.ActiveCfg = Release|Any CPU
		{24B47F4C-0035-4F29-AAD9-4C47E1AAD98E}.Release|x64.Build.0 = Release|Any CPU
		{24B47F4C-0035-4F29-AAD9-4C47E1AAD98E}.Release|x86.ActiveCfg = Release|Any CPU
		{24B47F4C-0035-4F29-AAD9-4C47E1AAD98E}.Release|x86.Build.0 = Release|Any CPU
		{BEBD620A-8BAA-463F-BE0F-8319AD3C1644}.Debug|Any CPU.ActiveCfg = Debug|Any CPU
		{BEBD620A-8BAA-463F-BE0F-8319AD3C1644}.Debug|Any CPU.Build.0 = Debug|Any CPU
		{BEBD620A-8BAA-463F-BE0F-8319AD3C1644}.Debug|ARM.ActiveCfg = Debug|Any CPU
		{BEBD620A-8BAA-463F-BE0F-8319AD3C1644}.Debug|ARM.Build.0 = Debug|Any CPU
		{BEBD620A-8BAA-463F-BE0F-8319AD3C1644}.Debug|x64.ActiveCfg = Debug|Any CPU
		{BEBD620A-8BAA-463F-BE0F-8319AD3C1644}.Debug|x64.Build.0 = Debug|Any CPU
		{BEBD620A-8BAA-463F-BE0F-8319AD3C1644}.Debug|x86.ActiveCfg = Debug|Any CPU
		{BEBD620A-8BAA-463F-BE0F-8319AD3C1644}.Debug|x86.Build.0 = Debug|Any CPU
		{BEBD620A-8BAA-463F-BE0F-8319AD3C1644}.Release|Any CPU.ActiveCfg = Release|Any CPU
		{BEBD620A-8BAA-463F-BE0F-8319AD3C1644}.Release|Any CPU.Build.0 = Release|Any CPU
		{BEBD620A-8BAA-463F-BE0F-8319AD3C1644}.Release|ARM.ActiveCfg = Release|Any CPU
		{BEBD620A-8BAA-463F-BE0F-8319AD3C1644}.Release|ARM.Build.0 = Release|Any CPU
		{BEBD620A-8BAA-463F-BE0F-8319AD3C1644}.Release|x64.ActiveCfg = Release|Any CPU
		{BEBD620A-8BAA-463F-BE0F-8319AD3C1644}.Release|x64.Build.0 = Release|Any CPU
		{BEBD620A-8BAA-463F-BE0F-8319AD3C1644}.Release|x86.ActiveCfg = Release|Any CPU
		{BEBD620A-8BAA-463F-BE0F-8319AD3C1644}.Release|x86.Build.0 = Release|Any CPU
		{35CED3AE-B825-4703-992D-A58B5BE646DC}.Debug|Any CPU.ActiveCfg = Debug|Any CPU
		{35CED3AE-B825-4703-992D-A58B5BE646DC}.Debug|Any CPU.Build.0 = Debug|Any CPU
		{35CED3AE-B825-4703-992D-A58B5BE646DC}.Debug|ARM.ActiveCfg = Debug|Any CPU
		{35CED3AE-B825-4703-992D-A58B5BE646DC}.Debug|ARM.Build.0 = Debug|Any CPU
		{35CED3AE-B825-4703-992D-A58B5BE646DC}.Debug|x64.ActiveCfg = Debug|Any CPU
		{35CED3AE-B825-4703-992D-A58B5BE646DC}.Debug|x64.Build.0 = Debug|Any CPU
		{35CED3AE-B825-4703-992D-A58B5BE646DC}.Debug|x86.ActiveCfg = Debug|Any CPU
		{35CED3AE-B825-4703-992D-A58B5BE646DC}.Debug|x86.Build.0 = Debug|Any CPU
		{35CED3AE-B825-4703-992D-A58B5BE646DC}.Release|Any CPU.ActiveCfg = Release|Any CPU
		{35CED3AE-B825-4703-992D-A58B5BE646DC}.Release|Any CPU.Build.0 = Release|Any CPU
		{35CED3AE-B825-4703-992D-A58B5BE646DC}.Release|ARM.ActiveCfg = Release|Any CPU
		{35CED3AE-B825-4703-992D-A58B5BE646DC}.Release|ARM.Build.0 = Release|Any CPU
		{35CED3AE-B825-4703-992D-A58B5BE646DC}.Release|x64.ActiveCfg = Release|Any CPU
		{35CED3AE-B825-4703-992D-A58B5BE646DC}.Release|x64.Build.0 = Release|Any CPU
		{35CED3AE-B825-4703-992D-A58B5BE646DC}.Release|x86.ActiveCfg = Release|Any CPU
		{35CED3AE-B825-4703-992D-A58B5BE646DC}.Release|x86.Build.0 = Release|Any CPU
		{106CD1A7-9EAF-4D37-AEC2-251AF6649364}.Debug|Any CPU.ActiveCfg = Debug|Any CPU
		{106CD1A7-9EAF-4D37-AEC2-251AF6649364}.Debug|Any CPU.Build.0 = Debug|Any CPU
		{106CD1A7-9EAF-4D37-AEC2-251AF6649364}.Debug|ARM.ActiveCfg = Debug|Any CPU
		{106CD1A7-9EAF-4D37-AEC2-251AF6649364}.Debug|ARM.Build.0 = Debug|Any CPU
		{106CD1A7-9EAF-4D37-AEC2-251AF6649364}.Debug|x64.ActiveCfg = Debug|Any CPU
		{106CD1A7-9EAF-4D37-AEC2-251AF6649364}.Debug|x64.Build.0 = Debug|Any CPU
		{106CD1A7-9EAF-4D37-AEC2-251AF6649364}.Debug|x86.ActiveCfg = Debug|Any CPU
		{106CD1A7-9EAF-4D37-AEC2-251AF6649364}.Debug|x86.Build.0 = Debug|Any CPU
		{106CD1A7-9EAF-4D37-AEC2-251AF6649364}.Release|Any CPU.ActiveCfg = Release|Any CPU
		{106CD1A7-9EAF-4D37-AEC2-251AF6649364}.Release|Any CPU.Build.0 = Release|Any CPU
		{106CD1A7-9EAF-4D37-AEC2-251AF6649364}.Release|ARM.ActiveCfg = Release|Any CPU
		{106CD1A7-9EAF-4D37-AEC2-251AF6649364}.Release|ARM.Build.0 = Release|Any CPU
		{106CD1A7-9EAF-4D37-AEC2-251AF6649364}.Release|x64.ActiveCfg = Release|Any CPU
		{106CD1A7-9EAF-4D37-AEC2-251AF6649364}.Release|x64.Build.0 = Release|Any CPU
		{106CD1A7-9EAF-4D37-AEC2-251AF6649364}.Release|x86.ActiveCfg = Release|Any CPU
		{106CD1A7-9EAF-4D37-AEC2-251AF6649364}.Release|x86.Build.0 = Release|Any CPU
		{11D6DBD2-AE55-47EE-B398-8864328BBEB0}.Debug|Any CPU.ActiveCfg = Debug|Any CPU
		{11D6DBD2-AE55-47EE-B398-8864328BBEB0}.Debug|Any CPU.Build.0 = Debug|Any CPU
		{11D6DBD2-AE55-47EE-B398-8864328BBEB0}.Debug|ARM.ActiveCfg = Debug|Any CPU
		{11D6DBD2-AE55-47EE-B398-8864328BBEB0}.Debug|ARM.Build.0 = Debug|Any CPU
		{11D6DBD2-AE55-47EE-B398-8864328BBEB0}.Debug|x64.ActiveCfg = Debug|Any CPU
		{11D6DBD2-AE55-47EE-B398-8864328BBEB0}.Debug|x64.Build.0 = Debug|Any CPU
		{11D6DBD2-AE55-47EE-B398-8864328BBEB0}.Debug|x86.ActiveCfg = Debug|Any CPU
		{11D6DBD2-AE55-47EE-B398-8864328BBEB0}.Debug|x86.Build.0 = Debug|Any CPU
		{11D6DBD2-AE55-47EE-B398-8864328BBEB0}.Release|Any CPU.ActiveCfg = Release|Any CPU
		{11D6DBD2-AE55-47EE-B398-8864328BBEB0}.Release|Any CPU.Build.0 = Release|Any CPU
		{11D6DBD2-AE55-47EE-B398-8864328BBEB0}.Release|ARM.ActiveCfg = Release|Any CPU
		{11D6DBD2-AE55-47EE-B398-8864328BBEB0}.Release|ARM.Build.0 = Release|Any CPU
		{11D6DBD2-AE55-47EE-B398-8864328BBEB0}.Release|x64.ActiveCfg = Release|Any CPU
		{11D6DBD2-AE55-47EE-B398-8864328BBEB0}.Release|x64.Build.0 = Release|Any CPU
		{11D6DBD2-AE55-47EE-B398-8864328BBEB0}.Release|x86.ActiveCfg = Release|Any CPU
		{11D6DBD2-AE55-47EE-B398-8864328BBEB0}.Release|x86.Build.0 = Release|Any CPU
		{48E04CAA-81CB-4609-8A15-58EB5D69AC37}.Debug|Any CPU.ActiveCfg = Debug|Any CPU
		{48E04CAA-81CB-4609-8A15-58EB5D69AC37}.Debug|Any CPU.Build.0 = Debug|Any CPU
		{48E04CAA-81CB-4609-8A15-58EB5D69AC37}.Debug|ARM.ActiveCfg = Debug|Any CPU
		{48E04CAA-81CB-4609-8A15-58EB5D69AC37}.Debug|ARM.Build.0 = Debug|Any CPU
		{48E04CAA-81CB-4609-8A15-58EB5D69AC37}.Debug|x64.ActiveCfg = Debug|Any CPU
		{48E04CAA-81CB-4609-8A15-58EB5D69AC37}.Debug|x64.Build.0 = Debug|Any CPU
		{48E04CAA-81CB-4609-8A15-58EB5D69AC37}.Debug|x86.ActiveCfg = Debug|Any CPU
		{48E04CAA-81CB-4609-8A15-58EB5D69AC37}.Debug|x86.Build.0 = Debug|Any CPU
		{48E04CAA-81CB-4609-8A15-58EB5D69AC37}.Release|Any CPU.ActiveCfg = Release|Any CPU
		{48E04CAA-81CB-4609-8A15-58EB5D69AC37}.Release|Any CPU.Build.0 = Release|Any CPU
		{48E04CAA-81CB-4609-8A15-58EB5D69AC37}.Release|ARM.ActiveCfg = Release|Any CPU
		{48E04CAA-81CB-4609-8A15-58EB5D69AC37}.Release|ARM.Build.0 = Release|Any CPU
		{48E04CAA-81CB-4609-8A15-58EB5D69AC37}.Release|x64.ActiveCfg = Release|Any CPU
		{48E04CAA-81CB-4609-8A15-58EB5D69AC37}.Release|x64.Build.0 = Release|Any CPU
		{48E04CAA-81CB-4609-8A15-58EB5D69AC37}.Release|x86.ActiveCfg = Release|Any CPU
		{48E04CAA-81CB-4609-8A15-58EB5D69AC37}.Release|x86.Build.0 = Release|Any CPU
		{B9797F30-4CC0-4796-BCB8-359CDF6BDDEA}.Debug|Any CPU.ActiveCfg = Debug|Any CPU
		{B9797F30-4CC0-4796-BCB8-359CDF6BDDEA}.Debug|Any CPU.Build.0 = Debug|Any CPU
		{B9797F30-4CC0-4796-BCB8-359CDF6BDDEA}.Debug|ARM.ActiveCfg = Debug|Any CPU
		{B9797F30-4CC0-4796-BCB8-359CDF6BDDEA}.Debug|ARM.Build.0 = Debug|Any CPU
		{B9797F30-4CC0-4796-BCB8-359CDF6BDDEA}.Debug|x64.ActiveCfg = Debug|Any CPU
		{B9797F30-4CC0-4796-BCB8-359CDF6BDDEA}.Debug|x64.Build.0 = Debug|Any CPU
		{B9797F30-4CC0-4796-BCB8-359CDF6BDDEA}.Debug|x86.ActiveCfg = Debug|Any CPU
		{B9797F30-4CC0-4796-BCB8-359CDF6BDDEA}.Debug|x86.Build.0 = Debug|Any CPU
		{B9797F30-4CC0-4796-BCB8-359CDF6BDDEA}.Release|Any CPU.ActiveCfg = Release|Any CPU
		{B9797F30-4CC0-4796-BCB8-359CDF6BDDEA}.Release|Any CPU.Build.0 = Release|Any CPU
		{B9797F30-4CC0-4796-BCB8-359CDF6BDDEA}.Release|ARM.ActiveCfg = Release|Any CPU
		{B9797F30-4CC0-4796-BCB8-359CDF6BDDEA}.Release|ARM.Build.0 = Release|Any CPU
		{B9797F30-4CC0-4796-BCB8-359CDF6BDDEA}.Release|x64.ActiveCfg = Release|Any CPU
		{B9797F30-4CC0-4796-BCB8-359CDF6BDDEA}.Release|x64.Build.0 = Release|Any CPU
		{B9797F30-4CC0-4796-BCB8-359CDF6BDDEA}.Release|x86.ActiveCfg = Release|Any CPU
		{B9797F30-4CC0-4796-BCB8-359CDF6BDDEA}.Release|x86.Build.0 = Release|Any CPU
		{B78837C9-A28B-421F-BF26-8BC4BC1B4630}.Debug|Any CPU.ActiveCfg = Debug|Any CPU
		{B78837C9-A28B-421F-BF26-8BC4BC1B4630}.Debug|Any CPU.Build.0 = Debug|Any CPU
		{B78837C9-A28B-421F-BF26-8BC4BC1B4630}.Debug|ARM.ActiveCfg = Debug|Any CPU
		{B78837C9-A28B-421F-BF26-8BC4BC1B4630}.Debug|ARM.Build.0 = Debug|Any CPU
		{B78837C9-A28B-421F-BF26-8BC4BC1B4630}.Debug|x64.ActiveCfg = Debug|Any CPU
		{B78837C9-A28B-421F-BF26-8BC4BC1B4630}.Debug|x64.Build.0 = Debug|Any CPU
		{B78837C9-A28B-421F-BF26-8BC4BC1B4630}.Debug|x86.ActiveCfg = Debug|Any CPU
		{B78837C9-A28B-421F-BF26-8BC4BC1B4630}.Debug|x86.Build.0 = Debug|Any CPU
		{B78837C9-A28B-421F-BF26-8BC4BC1B4630}.Release|Any CPU.ActiveCfg = Release|Any CPU
		{B78837C9-A28B-421F-BF26-8BC4BC1B4630}.Release|Any CPU.Build.0 = Release|Any CPU
		{B78837C9-A28B-421F-BF26-8BC4BC1B4630}.Release|ARM.ActiveCfg = Release|Any CPU
		{B78837C9-A28B-421F-BF26-8BC4BC1B4630}.Release|ARM.Build.0 = Release|Any CPU
		{B78837C9-A28B-421F-BF26-8BC4BC1B4630}.Release|x64.ActiveCfg = Release|Any CPU
		{B78837C9-A28B-421F-BF26-8BC4BC1B4630}.Release|x64.Build.0 = Release|Any CPU
		{B78837C9-A28B-421F-BF26-8BC4BC1B4630}.Release|x86.ActiveCfg = Release|Any CPU
		{B78837C9-A28B-421F-BF26-8BC4BC1B4630}.Release|x86.Build.0 = Release|Any CPU
		{0256443E-AD5F-42E3-BD97-96CAD98B0755}.Debug|Any CPU.ActiveCfg = Debug|Any CPU
		{0256443E-AD5F-42E3-BD97-96CAD98B0755}.Debug|Any CPU.Build.0 = Debug|Any CPU
		{0256443E-AD5F-42E3-BD97-96CAD98B0755}.Debug|ARM.ActiveCfg = Debug|Any CPU
		{0256443E-AD5F-42E3-BD97-96CAD98B0755}.Debug|ARM.Build.0 = Debug|Any CPU
		{0256443E-AD5F-42E3-BD97-96CAD98B0755}.Debug|x64.ActiveCfg = Debug|Any CPU
		{0256443E-AD5F-42E3-BD97-96CAD98B0755}.Debug|x64.Build.0 = Debug|Any CPU
		{0256443E-AD5F-42E3-BD97-96CAD98B0755}.Debug|x86.ActiveCfg = Debug|Any CPU
		{0256443E-AD5F-42E3-BD97-96CAD98B0755}.Debug|x86.Build.0 = Debug|Any CPU
		{0256443E-AD5F-42E3-BD97-96CAD98B0755}.Release|Any CPU.ActiveCfg = Release|Any CPU
		{0256443E-AD5F-42E3-BD97-96CAD98B0755}.Release|Any CPU.Build.0 = Release|Any CPU
		{0256443E-AD5F-42E3-BD97-96CAD98B0755}.Release|ARM.ActiveCfg = Release|Any CPU
		{0256443E-AD5F-42E3-BD97-96CAD98B0755}.Release|ARM.Build.0 = Release|Any CPU
		{0256443E-AD5F-42E3-BD97-96CAD98B0755}.Release|x64.ActiveCfg = Release|Any CPU
		{0256443E-AD5F-42E3-BD97-96CAD98B0755}.Release|x64.Build.0 = Release|Any CPU
		{0256443E-AD5F-42E3-BD97-96CAD98B0755}.Release|x86.ActiveCfg = Release|Any CPU
		{0256443E-AD5F-42E3-BD97-96CAD98B0755}.Release|x86.Build.0 = Release|Any CPU
		{C0F96EF5-0BA1-43C7-AEFA-F9489370A163}.Debug|Any CPU.ActiveCfg = Debug|Any CPU
		{C0F96EF5-0BA1-43C7-AEFA-F9489370A163}.Debug|Any CPU.Build.0 = Debug|Any CPU
		{C0F96EF5-0BA1-43C7-AEFA-F9489370A163}.Debug|ARM.ActiveCfg = Debug|Any CPU
		{C0F96EF5-0BA1-43C7-AEFA-F9489370A163}.Debug|ARM.Build.0 = Debug|Any CPU
		{C0F96EF5-0BA1-43C7-AEFA-F9489370A163}.Debug|x64.ActiveCfg = Debug|Any CPU
		{C0F96EF5-0BA1-43C7-AEFA-F9489370A163}.Debug|x64.Build.0 = Debug|Any CPU
		{C0F96EF5-0BA1-43C7-AEFA-F9489370A163}.Debug|x86.ActiveCfg = Debug|Any CPU
		{C0F96EF5-0BA1-43C7-AEFA-F9489370A163}.Debug|x86.Build.0 = Debug|Any CPU
		{C0F96EF5-0BA1-43C7-AEFA-F9489370A163}.Release|Any CPU.ActiveCfg = Release|Any CPU
		{C0F96EF5-0BA1-43C7-AEFA-F9489370A163}.Release|Any CPU.Build.0 = Release|Any CPU
		{C0F96EF5-0BA1-43C7-AEFA-F9489370A163}.Release|ARM.ActiveCfg = Release|Any CPU
		{C0F96EF5-0BA1-43C7-AEFA-F9489370A163}.Release|ARM.Build.0 = Release|Any CPU
		{C0F96EF5-0BA1-43C7-AEFA-F9489370A163}.Release|x64.ActiveCfg = Release|Any CPU
		{C0F96EF5-0BA1-43C7-AEFA-F9489370A163}.Release|x64.Build.0 = Release|Any CPU
		{C0F96EF5-0BA1-43C7-AEFA-F9489370A163}.Release|x86.ActiveCfg = Release|Any CPU
		{C0F96EF5-0BA1-43C7-AEFA-F9489370A163}.Release|x86.Build.0 = Release|Any CPU
		{DA8C27C8-93DC-420E-ADEE-E390163428BE}.Debug|Any CPU.ActiveCfg = Debug|Any CPU
		{DA8C27C8-93DC-420E-ADEE-E390163428BE}.Debug|Any CPU.Build.0 = Debug|Any CPU
		{DA8C27C8-93DC-420E-ADEE-E390163428BE}.Debug|ARM.ActiveCfg = Debug|Any CPU
		{DA8C27C8-93DC-420E-ADEE-E390163428BE}.Debug|ARM.Build.0 = Debug|Any CPU
		{DA8C27C8-93DC-420E-ADEE-E390163428BE}.Debug|x64.ActiveCfg = Debug|Any CPU
		{DA8C27C8-93DC-420E-ADEE-E390163428BE}.Debug|x64.Build.0 = Debug|Any CPU
		{DA8C27C8-93DC-420E-ADEE-E390163428BE}.Debug|x86.ActiveCfg = Debug|Any CPU
		{DA8C27C8-93DC-420E-ADEE-E390163428BE}.Debug|x86.Build.0 = Debug|Any CPU
		{DA8C27C8-93DC-420E-ADEE-E390163428BE}.Release|Any CPU.ActiveCfg = Release|Any CPU
		{DA8C27C8-93DC-420E-ADEE-E390163428BE}.Release|Any CPU.Build.0 = Release|Any CPU
		{DA8C27C8-93DC-420E-ADEE-E390163428BE}.Release|ARM.ActiveCfg = Release|Any CPU
		{DA8C27C8-93DC-420E-ADEE-E390163428BE}.Release|ARM.Build.0 = Release|Any CPU
		{DA8C27C8-93DC-420E-ADEE-E390163428BE}.Release|x64.ActiveCfg = Release|Any CPU
		{DA8C27C8-93DC-420E-ADEE-E390163428BE}.Release|x64.Build.0 = Release|Any CPU
		{DA8C27C8-93DC-420E-ADEE-E390163428BE}.Release|x86.ActiveCfg = Release|Any CPU
		{DA8C27C8-93DC-420E-ADEE-E390163428BE}.Release|x86.Build.0 = Release|Any CPU
		{C3DC0CE7-D6C7-4CC4-8DDD-ED3DB036BAC6}.Debug|Any CPU.ActiveCfg = Debug|Any CPU
		{C3DC0CE7-D6C7-4CC4-8DDD-ED3DB036BAC6}.Debug|Any CPU.Build.0 = Debug|Any CPU
		{C3DC0CE7-D6C7-4CC4-8DDD-ED3DB036BAC6}.Debug|ARM.ActiveCfg = Debug|Any CPU
		{C3DC0CE7-D6C7-4CC4-8DDD-ED3DB036BAC6}.Debug|ARM.Build.0 = Debug|Any CPU
		{C3DC0CE7-D6C7-4CC4-8DDD-ED3DB036BAC6}.Debug|x64.ActiveCfg = Debug|Any CPU
		{C3DC0CE7-D6C7-4CC4-8DDD-ED3DB036BAC6}.Debug|x64.Build.0 = Debug|Any CPU
		{C3DC0CE7-D6C7-4CC4-8DDD-ED3DB036BAC6}.Debug|x86.ActiveCfg = Debug|Any CPU
		{C3DC0CE7-D6C7-4CC4-8DDD-ED3DB036BAC6}.Debug|x86.Build.0 = Debug|Any CPU
		{C3DC0CE7-D6C7-4CC4-8DDD-ED3DB036BAC6}.Release|Any CPU.ActiveCfg = Release|Any CPU
		{C3DC0CE7-D6C7-4CC4-8DDD-ED3DB036BAC6}.Release|Any CPU.Build.0 = Release|Any CPU
		{C3DC0CE7-D6C7-4CC4-8DDD-ED3DB036BAC6}.Release|ARM.ActiveCfg = Release|Any CPU
		{C3DC0CE7-D6C7-4CC4-8DDD-ED3DB036BAC6}.Release|ARM.Build.0 = Release|Any CPU
		{C3DC0CE7-D6C7-4CC4-8DDD-ED3DB036BAC6}.Release|x64.ActiveCfg = Release|Any CPU
		{C3DC0CE7-D6C7-4CC4-8DDD-ED3DB036BAC6}.Release|x64.Build.0 = Release|Any CPU
		{C3DC0CE7-D6C7-4CC4-8DDD-ED3DB036BAC6}.Release|x86.ActiveCfg = Release|Any CPU
		{C3DC0CE7-D6C7-4CC4-8DDD-ED3DB036BAC6}.Release|x86.Build.0 = Release|Any CPU
		{582C78A7-4292-4AAA-BB60-327CB1E31C9C}.Debug|Any CPU.ActiveCfg = Debug|Any CPU
		{582C78A7-4292-4AAA-BB60-327CB1E31C9C}.Debug|Any CPU.Build.0 = Debug|Any CPU
		{582C78A7-4292-4AAA-BB60-327CB1E31C9C}.Debug|ARM.ActiveCfg = Debug|Any CPU
		{582C78A7-4292-4AAA-BB60-327CB1E31C9C}.Debug|ARM.Build.0 = Debug|Any CPU
		{582C78A7-4292-4AAA-BB60-327CB1E31C9C}.Debug|x64.ActiveCfg = Debug|Any CPU
		{582C78A7-4292-4AAA-BB60-327CB1E31C9C}.Debug|x64.Build.0 = Debug|Any CPU
		{582C78A7-4292-4AAA-BB60-327CB1E31C9C}.Debug|x86.ActiveCfg = Debug|Any CPU
		{582C78A7-4292-4AAA-BB60-327CB1E31C9C}.Debug|x86.Build.0 = Debug|Any CPU
		{582C78A7-4292-4AAA-BB60-327CB1E31C9C}.Release|Any CPU.ActiveCfg = Release|Any CPU
		{582C78A7-4292-4AAA-BB60-327CB1E31C9C}.Release|Any CPU.Build.0 = Release|Any CPU
		{582C78A7-4292-4AAA-BB60-327CB1E31C9C}.Release|ARM.ActiveCfg = Release|Any CPU
		{582C78A7-4292-4AAA-BB60-327CB1E31C9C}.Release|ARM.Build.0 = Release|Any CPU
		{582C78A7-4292-4AAA-BB60-327CB1E31C9C}.Release|x64.ActiveCfg = Release|Any CPU
		{582C78A7-4292-4AAA-BB60-327CB1E31C9C}.Release|x64.Build.0 = Release|Any CPU
		{582C78A7-4292-4AAA-BB60-327CB1E31C9C}.Release|x86.ActiveCfg = Release|Any CPU
		{582C78A7-4292-4AAA-BB60-327CB1E31C9C}.Release|x86.Build.0 = Release|Any CPU
		{DB664ADD-18AE-4C82-9134-413793453A09}.Debug|Any CPU.ActiveCfg = Debug|Any CPU
		{DB664ADD-18AE-4C82-9134-413793453A09}.Debug|Any CPU.Build.0 = Debug|Any CPU
		{DB664ADD-18AE-4C82-9134-413793453A09}.Debug|ARM.ActiveCfg = Debug|Any CPU
		{DB664ADD-18AE-4C82-9134-413793453A09}.Debug|ARM.Build.0 = Debug|Any CPU
		{DB664ADD-18AE-4C82-9134-413793453A09}.Debug|x64.ActiveCfg = Debug|Any CPU
		{DB664ADD-18AE-4C82-9134-413793453A09}.Debug|x64.Build.0 = Debug|Any CPU
		{DB664ADD-18AE-4C82-9134-413793453A09}.Debug|x86.ActiveCfg = Debug|Any CPU
		{DB664ADD-18AE-4C82-9134-413793453A09}.Debug|x86.Build.0 = Debug|Any CPU
		{DB664ADD-18AE-4C82-9134-413793453A09}.Release|Any CPU.ActiveCfg = Release|Any CPU
		{DB664ADD-18AE-4C82-9134-413793453A09}.Release|Any CPU.Build.0 = Release|Any CPU
		{DB664ADD-18AE-4C82-9134-413793453A09}.Release|ARM.ActiveCfg = Release|Any CPU
		{DB664ADD-18AE-4C82-9134-413793453A09}.Release|ARM.Build.0 = Release|Any CPU
		{DB664ADD-18AE-4C82-9134-413793453A09}.Release|x64.ActiveCfg = Release|Any CPU
		{DB664ADD-18AE-4C82-9134-413793453A09}.Release|x64.Build.0 = Release|Any CPU
		{DB664ADD-18AE-4C82-9134-413793453A09}.Release|x86.ActiveCfg = Release|Any CPU
		{DB664ADD-18AE-4C82-9134-413793453A09}.Release|x86.Build.0 = Release|Any CPU
		{087C38F2-903E-4BAD-9602-C72A4AFE886C}.Debug|Any CPU.ActiveCfg = Debug|Any CPU
		{087C38F2-903E-4BAD-9602-C72A4AFE886C}.Debug|Any CPU.Build.0 = Debug|Any CPU
		{087C38F2-903E-4BAD-9602-C72A4AFE886C}.Debug|ARM.ActiveCfg = Debug|Any CPU
		{087C38F2-903E-4BAD-9602-C72A4AFE886C}.Debug|ARM.Build.0 = Debug|Any CPU
		{087C38F2-903E-4BAD-9602-C72A4AFE886C}.Debug|x64.ActiveCfg = Debug|Any CPU
		{087C38F2-903E-4BAD-9602-C72A4AFE886C}.Debug|x64.Build.0 = Debug|Any CPU
		{087C38F2-903E-4BAD-9602-C72A4AFE886C}.Debug|x86.ActiveCfg = Debug|Any CPU
		{087C38F2-903E-4BAD-9602-C72A4AFE886C}.Debug|x86.Build.0 = Debug|Any CPU
		{087C38F2-903E-4BAD-9602-C72A4AFE886C}.Release|Any CPU.ActiveCfg = Release|Any CPU
		{087C38F2-903E-4BAD-9602-C72A4AFE886C}.Release|Any CPU.Build.0 = Release|Any CPU
		{087C38F2-903E-4BAD-9602-C72A4AFE886C}.Release|ARM.ActiveCfg = Release|Any CPU
		{087C38F2-903E-4BAD-9602-C72A4AFE886C}.Release|ARM.Build.0 = Release|Any CPU
		{087C38F2-903E-4BAD-9602-C72A4AFE886C}.Release|x64.ActiveCfg = Release|Any CPU
		{087C38F2-903E-4BAD-9602-C72A4AFE886C}.Release|x64.Build.0 = Release|Any CPU
		{087C38F2-903E-4BAD-9602-C72A4AFE886C}.Release|x86.ActiveCfg = Release|Any CPU
		{087C38F2-903E-4BAD-9602-C72A4AFE886C}.Release|x86.Build.0 = Release|Any CPU
		{FC3CBF47-C0E8-4C04-B078-F92F1A5EE22F}.Debug|Any CPU.ActiveCfg = Debug|Any CPU
		{FC3CBF47-C0E8-4C04-B078-F92F1A5EE22F}.Debug|Any CPU.Build.0 = Debug|Any CPU
		{FC3CBF47-C0E8-4C04-B078-F92F1A5EE22F}.Debug|ARM.ActiveCfg = Debug|Any CPU
		{FC3CBF47-C0E8-4C04-B078-F92F1A5EE22F}.Debug|ARM.Build.0 = Debug|Any CPU
		{FC3CBF47-C0E8-4C04-B078-F92F1A5EE22F}.Debug|x64.ActiveCfg = Debug|Any CPU
		{FC3CBF47-C0E8-4C04-B078-F92F1A5EE22F}.Debug|x64.Build.0 = Debug|Any CPU
		{FC3CBF47-C0E8-4C04-B078-F92F1A5EE22F}.Debug|x86.ActiveCfg = Debug|Any CPU
		{FC3CBF47-C0E8-4C04-B078-F92F1A5EE22F}.Debug|x86.Build.0 = Debug|Any CPU
		{FC3CBF47-C0E8-4C04-B078-F92F1A5EE22F}.Release|Any CPU.ActiveCfg = Release|Any CPU
		{FC3CBF47-C0E8-4C04-B078-F92F1A5EE22F}.Release|Any CPU.Build.0 = Release|Any CPU
		{FC3CBF47-C0E8-4C04-B078-F92F1A5EE22F}.Release|ARM.ActiveCfg = Release|Any CPU
		{FC3CBF47-C0E8-4C04-B078-F92F1A5EE22F}.Release|ARM.Build.0 = Release|Any CPU
		{FC3CBF47-C0E8-4C04-B078-F92F1A5EE22F}.Release|x64.ActiveCfg = Release|Any CPU
		{FC3CBF47-C0E8-4C04-B078-F92F1A5EE22F}.Release|x64.Build.0 = Release|Any CPU
		{FC3CBF47-C0E8-4C04-B078-F92F1A5EE22F}.Release|x86.ActiveCfg = Release|Any CPU
		{FC3CBF47-C0E8-4C04-B078-F92F1A5EE22F}.Release|x86.Build.0 = Release|Any CPU
		{A35A3DAC-E140-485B-8D9D-1E3C877B580F}.Debug|Any CPU.ActiveCfg = Debug|Any CPU
		{A35A3DAC-E140-485B-8D9D-1E3C877B580F}.Debug|Any CPU.Build.0 = Debug|Any CPU
		{A35A3DAC-E140-485B-8D9D-1E3C877B580F}.Debug|ARM.ActiveCfg = Debug|Any CPU
		{A35A3DAC-E140-485B-8D9D-1E3C877B580F}.Debug|ARM.Build.0 = Debug|Any CPU
		{A35A3DAC-E140-485B-8D9D-1E3C877B580F}.Debug|x64.ActiveCfg = Debug|Any CPU
		{A35A3DAC-E140-485B-8D9D-1E3C877B580F}.Debug|x64.Build.0 = Debug|Any CPU
		{A35A3DAC-E140-485B-8D9D-1E3C877B580F}.Debug|x86.ActiveCfg = Debug|Any CPU
		{A35A3DAC-E140-485B-8D9D-1E3C877B580F}.Debug|x86.Build.0 = Debug|Any CPU
		{A35A3DAC-E140-485B-8D9D-1E3C877B580F}.Release|Any CPU.ActiveCfg = Release|Any CPU
		{A35A3DAC-E140-485B-8D9D-1E3C877B580F}.Release|Any CPU.Build.0 = Release|Any CPU
		{A35A3DAC-E140-485B-8D9D-1E3C877B580F}.Release|ARM.ActiveCfg = Release|Any CPU
		{A35A3DAC-E140-485B-8D9D-1E3C877B580F}.Release|ARM.Build.0 = Release|Any CPU
		{A35A3DAC-E140-485B-8D9D-1E3C877B580F}.Release|x64.ActiveCfg = Release|Any CPU
		{A35A3DAC-E140-485B-8D9D-1E3C877B580F}.Release|x64.Build.0 = Release|Any CPU
		{A35A3DAC-E140-485B-8D9D-1E3C877B580F}.Release|x86.ActiveCfg = Release|Any CPU
		{A35A3DAC-E140-485B-8D9D-1E3C877B580F}.Release|x86.Build.0 = Release|Any CPU
		{D393E0B8-CA94-4F1E-8F15-458F325A0CBE}.Debug|Any CPU.ActiveCfg = Debug|Any CPU
		{D393E0B8-CA94-4F1E-8F15-458F325A0CBE}.Debug|Any CPU.Build.0 = Debug|Any CPU
		{D393E0B8-CA94-4F1E-8F15-458F325A0CBE}.Debug|ARM.ActiveCfg = Debug|Any CPU
		{D393E0B8-CA94-4F1E-8F15-458F325A0CBE}.Debug|ARM.Build.0 = Debug|Any CPU
		{D393E0B8-CA94-4F1E-8F15-458F325A0CBE}.Debug|x64.ActiveCfg = Debug|Any CPU
		{D393E0B8-CA94-4F1E-8F15-458F325A0CBE}.Debug|x64.Build.0 = Debug|Any CPU
		{D393E0B8-CA94-4F1E-8F15-458F325A0CBE}.Debug|x86.ActiveCfg = Debug|Any CPU
		{D393E0B8-CA94-4F1E-8F15-458F325A0CBE}.Debug|x86.Build.0 = Debug|Any CPU
		{D393E0B8-CA94-4F1E-8F15-458F325A0CBE}.Release|Any CPU.ActiveCfg = Release|Any CPU
		{D393E0B8-CA94-4F1E-8F15-458F325A0CBE}.Release|Any CPU.Build.0 = Release|Any CPU
		{D393E0B8-CA94-4F1E-8F15-458F325A0CBE}.Release|ARM.ActiveCfg = Release|Any CPU
		{D393E0B8-CA94-4F1E-8F15-458F325A0CBE}.Release|ARM.Build.0 = Release|Any CPU
		{D393E0B8-CA94-4F1E-8F15-458F325A0CBE}.Release|x64.ActiveCfg = Release|Any CPU
		{D393E0B8-CA94-4F1E-8F15-458F325A0CBE}.Release|x64.Build.0 = Release|Any CPU
		{D393E0B8-CA94-4F1E-8F15-458F325A0CBE}.Release|x86.ActiveCfg = Release|Any CPU
		{D393E0B8-CA94-4F1E-8F15-458F325A0CBE}.Release|x86.Build.0 = Release|Any CPU
		{8DC6BF13-AD72-4A1B-8B36-0AB70FEE32DA}.Debug|Any CPU.ActiveCfg = Debug|Any CPU
		{8DC6BF13-AD72-4A1B-8B36-0AB70FEE32DA}.Debug|Any CPU.Build.0 = Debug|Any CPU
		{8DC6BF13-AD72-4A1B-8B36-0AB70FEE32DA}.Debug|ARM.ActiveCfg = Debug|Any CPU
		{8DC6BF13-AD72-4A1B-8B36-0AB70FEE32DA}.Debug|ARM.Build.0 = Debug|Any CPU
		{8DC6BF13-AD72-4A1B-8B36-0AB70FEE32DA}.Debug|x64.ActiveCfg = Debug|Any CPU
		{8DC6BF13-AD72-4A1B-8B36-0AB70FEE32DA}.Debug|x64.Build.0 = Debug|Any CPU
		{8DC6BF13-AD72-4A1B-8B36-0AB70FEE32DA}.Debug|x86.ActiveCfg = Debug|Any CPU
		{8DC6BF13-AD72-4A1B-8B36-0AB70FEE32DA}.Debug|x86.Build.0 = Debug|Any CPU
		{8DC6BF13-AD72-4A1B-8B36-0AB70FEE32DA}.Release|Any CPU.ActiveCfg = Release|Any CPU
		{8DC6BF13-AD72-4A1B-8B36-0AB70FEE32DA}.Release|Any CPU.Build.0 = Release|Any CPU
		{8DC6BF13-AD72-4A1B-8B36-0AB70FEE32DA}.Release|ARM.ActiveCfg = Release|Any CPU
		{8DC6BF13-AD72-4A1B-8B36-0AB70FEE32DA}.Release|ARM.Build.0 = Release|Any CPU
		{8DC6BF13-AD72-4A1B-8B36-0AB70FEE32DA}.Release|x64.ActiveCfg = Release|Any CPU
		{8DC6BF13-AD72-4A1B-8B36-0AB70FEE32DA}.Release|x64.Build.0 = Release|Any CPU
		{8DC6BF13-AD72-4A1B-8B36-0AB70FEE32DA}.Release|x86.ActiveCfg = Release|Any CPU
		{8DC6BF13-AD72-4A1B-8B36-0AB70FEE32DA}.Release|x86.Build.0 = Release|Any CPU
		{49E8B58F-FD38-4850-B78F-C54E54E346FF}.Debug|Any CPU.ActiveCfg = Debug|Any CPU
		{49E8B58F-FD38-4850-B78F-C54E54E346FF}.Debug|Any CPU.Build.0 = Debug|Any CPU
		{49E8B58F-FD38-4850-B78F-C54E54E346FF}.Debug|ARM.ActiveCfg = Debug|Any CPU
		{49E8B58F-FD38-4850-B78F-C54E54E346FF}.Debug|ARM.Build.0 = Debug|Any CPU
		{49E8B58F-FD38-4850-B78F-C54E54E346FF}.Debug|x64.ActiveCfg = Debug|Any CPU
		{49E8B58F-FD38-4850-B78F-C54E54E346FF}.Debug|x64.Build.0 = Debug|Any CPU
		{49E8B58F-FD38-4850-B78F-C54E54E346FF}.Debug|x86.ActiveCfg = Debug|Any CPU
		{49E8B58F-FD38-4850-B78F-C54E54E346FF}.Debug|x86.Build.0 = Debug|Any CPU
		{49E8B58F-FD38-4850-B78F-C54E54E346FF}.Release|Any CPU.ActiveCfg = Release|Any CPU
		{49E8B58F-FD38-4850-B78F-C54E54E346FF}.Release|Any CPU.Build.0 = Release|Any CPU
		{49E8B58F-FD38-4850-B78F-C54E54E346FF}.Release|ARM.ActiveCfg = Release|Any CPU
		{49E8B58F-FD38-4850-B78F-C54E54E346FF}.Release|ARM.Build.0 = Release|Any CPU
		{49E8B58F-FD38-4850-B78F-C54E54E346FF}.Release|x64.ActiveCfg = Release|Any CPU
		{49E8B58F-FD38-4850-B78F-C54E54E346FF}.Release|x64.Build.0 = Release|Any CPU
		{49E8B58F-FD38-4850-B78F-C54E54E346FF}.Release|x86.ActiveCfg = Release|Any CPU
		{49E8B58F-FD38-4850-B78F-C54E54E346FF}.Release|x86.Build.0 = Release|Any CPU
		{646DA2F8-9F6B-435A-B9EF-1254FA599FDE}.Debug|Any CPU.ActiveCfg = Debug|Any CPU
		{646DA2F8-9F6B-435A-B9EF-1254FA599FDE}.Debug|Any CPU.Build.0 = Debug|Any CPU
		{646DA2F8-9F6B-435A-B9EF-1254FA599FDE}.Debug|ARM.ActiveCfg = Debug|Any CPU
		{646DA2F8-9F6B-435A-B9EF-1254FA599FDE}.Debug|ARM.Build.0 = Debug|Any CPU
		{646DA2F8-9F6B-435A-B9EF-1254FA599FDE}.Debug|x64.ActiveCfg = Debug|Any CPU
		{646DA2F8-9F6B-435A-B9EF-1254FA599FDE}.Debug|x64.Build.0 = Debug|Any CPU
		{646DA2F8-9F6B-435A-B9EF-1254FA599FDE}.Debug|x86.ActiveCfg = Debug|Any CPU
		{646DA2F8-9F6B-435A-B9EF-1254FA599FDE}.Debug|x86.Build.0 = Debug|Any CPU
		{646DA2F8-9F6B-435A-B9EF-1254FA599FDE}.Release|Any CPU.ActiveCfg = Release|Any CPU
		{646DA2F8-9F6B-435A-B9EF-1254FA599FDE}.Release|Any CPU.Build.0 = Release|Any CPU
		{646DA2F8-9F6B-435A-B9EF-1254FA599FDE}.Release|ARM.ActiveCfg = Release|Any CPU
		{646DA2F8-9F6B-435A-B9EF-1254FA599FDE}.Release|ARM.Build.0 = Release|Any CPU
		{646DA2F8-9F6B-435A-B9EF-1254FA599FDE}.Release|x64.ActiveCfg = Release|Any CPU
		{646DA2F8-9F6B-435A-B9EF-1254FA599FDE}.Release|x64.Build.0 = Release|Any CPU
		{646DA2F8-9F6B-435A-B9EF-1254FA599FDE}.Release|x86.ActiveCfg = Release|Any CPU
		{646DA2F8-9F6B-435A-B9EF-1254FA599FDE}.Release|x86.Build.0 = Release|Any CPU
	EndGlobalSection
	GlobalSection(SolutionProperties) = preSolution
		HideSolutionNode = FALSE
	EndGlobalSection
	GlobalSection(ExtensibilityGlobals) = postSolution
		SolutionGuid = {4D8272EE-D8E3-4B7E-A063-B334CBF8C42F}
	EndGlobalSection
	GlobalSection(NestedProjects) = preSolution
		{106CD1A7-9EAF-4D37-AEC2-251AF6649364} = {4CF8F1F6-100B-46B4-B9B4-3427EA1A4D62}
		{11D6DBD2-AE55-47EE-B398-8864328BBEB0} = {4CF8F1F6-100B-46B4-B9B4-3427EA1A4D62}
		{4CF8F1F6-100B-46B4-B9B4-3427EA1A4D62} = {6E5E462F-2CAB-4762-B1ED-E729FA358C67}
		{A4CCFC42-6A84-46B3-857A-CD5AD5BBCF63} = {6E5E462F-2CAB-4762-B1ED-E729FA358C67}
		{48E04CAA-81CB-4609-8A15-58EB5D69AC37} = {A4CCFC42-6A84-46B3-857A-CD5AD5BBCF63}
		{B9797F30-4CC0-4796-BCB8-359CDF6BDDEA} = {A4CCFC42-6A84-46B3-857A-CD5AD5BBCF63}
		{527FBD64-3281-49AB-8D44-4FCEB514CE68} = {6E5E462F-2CAB-4762-B1ED-E729FA358C67}
		{B78837C9-A28B-421F-BF26-8BC4BC1B4630} = {527FBD64-3281-49AB-8D44-4FCEB514CE68}
		{0256443E-AD5F-42E3-BD97-96CAD98B0755} = {527FBD64-3281-49AB-8D44-4FCEB514CE68}
		{7A3855C2-5EA2-412E-A11F-07221714129B} = {6E5E462F-2CAB-4762-B1ED-E729FA358C67}
		{C0F96EF5-0BA1-43C7-AEFA-F9489370A163} = {7A3855C2-5EA2-412E-A11F-07221714129B}
		{DA8C27C8-93DC-420E-ADEE-E390163428BE} = {7A3855C2-5EA2-412E-A11F-07221714129B}
		{16599656-CC66-4508-944D-75B2A8C609C1} = {6E5E462F-2CAB-4762-B1ED-E729FA358C67}
		{C3DC0CE7-D6C7-4CC4-8DDD-ED3DB036BAC6} = {16599656-CC66-4508-944D-75B2A8C609C1}
		{D9E1DD8E-4C9D-4900-89F6-131B6D613C0D} = {6E5E462F-2CAB-4762-B1ED-E729FA358C67}
		{582C78A7-4292-4AAA-BB60-327CB1E31C9C} = {D9E1DD8E-4C9D-4900-89F6-131B6D613C0D}
		{DB664ADD-18AE-4C82-9134-413793453A09} = {D9E1DD8E-4C9D-4900-89F6-131B6D613C0D}
		{087C38F2-903E-4BAD-9602-C72A4AFE886C} = {D9E1DD8E-4C9D-4900-89F6-131B6D613C0D}
		{FC3CBF47-C0E8-4C04-B078-F92F1A5EE22F} = {D9E1DD8E-4C9D-4900-89F6-131B6D613C0D}
		{A35A3DAC-E140-485B-8D9D-1E3C877B580F} = {D9E1DD8E-4C9D-4900-89F6-131B6D613C0D}
		{D393E0B8-CA94-4F1E-8F15-458F325A0CBE} = {D9E1DD8E-4C9D-4900-89F6-131B6D613C0D}
		{8DC6BF13-AD72-4A1B-8B36-0AB70FEE32DA} = {D9E1DD8E-4C9D-4900-89F6-131B6D613C0D}
		{49E8B58F-FD38-4850-B78F-C54E54E346FF} = {D9E1DD8E-4C9D-4900-89F6-131B6D613C0D}
		{646DA2F8-9F6B-435A-B9EF-1254FA599FDE} = {D9E1DD8E-4C9D-4900-89F6-131B6D613C0D}
	EndGlobalSection
EndGlobal
